
Microsoft Visual Studio Solution File, Format Version 12.00
# Visual Studio Version 17
VisualStudioVersion = 17.4.33122.133
MinimumVisualStudioVersion = 10.0.40219.1
Project("{FAE04EC0-301F-11D3-BF4B-00C04F79EFBC}") = "Agriculture_UI", "Agriculture_UI\Agriculture_UI.csproj", "{84F3898B-7496-41C6-A4E7-3EAF964E65F5}"
EndProject
Project("{FAE04EC0-301F-11D3-BF4B-00C04F79EFBC}") = "EntityLayer", "EntityLayer\EntityLayer.csproj", "{0C63C667-D2A9-4352-A385-54F52848DAB1}"
EndProject
Project("{FAE04EC0-301F-11D3-BF4B-00C04F79EFBC}") = "DataAccessLayer", "DataAccessLayer\DataAccessLayer.csproj", "{35C97361-08A6-4F12-A975-E9CCBDAA2893}"
EndProject
Project("{FAE04EC0-301F-11D3-BF4B-00C04F79EFBC}") = "BusinessLayer", "BusinessLayer\BusinessLayer.csproj", "{3BF11A14-C2E9-429E-9DA8-199714189A03}"
EndProject
Global
	GlobalSection(SolutionConfigurationPlatforms) = preSolution
		Debug|Any CPU = Debug|Any CPU
		Release|Any CPU = Release|Any CPU
	EndGlobalSection
	GlobalSection(ProjectConfigurationPlatforms) = postSolution
		{84F3898B-7496-41C6-A4E7-3EAF964E65F5}.Debug|Any CPU.ActiveCfg = Debug|Any CPU
		{84F3898B-7496-41C6-A4E7-3EAF964E65F5}.Debug|Any CPU.Build.0 = Debug|Any CPU
		{84F3898B-7496-41C6-A4E7-3EAF964E65F5}.Release|Any CPU.ActiveCfg = Release|Any CPU
		{84F3898B-7496-41C6-A4E7-3EAF964E65F5}.Release|Any CPU.Build.0 = Release|Any CPU
		{0C63C667-D2A9-4352-A385-54F52848DAB1}.Debug|Any CPU.ActiveCfg = Debug|Any CPU
		{0C63C667-D2A9-4352-A385-54F52848DAB1}.Debug|Any CPU.Build.0 = Debug|Any CPU
		{0C63C667-D2A9-4352-A385-54F52848DAB1}.Release|Any CPU.ActiveCfg = Release|Any CPU
		{0C63C667-D2A9-4352-A385-54F52848DAB1}.Release|Any CPU.Build.0 = Release|Any CPU
		{35C97361-08A6-4F12-A975-E9CCBDAA2893}.Debug|Any CPU.ActiveCfg = Debug|Any CPU
		{35C97361-08A6-4F12-A975-E9CCBDAA2893}.Debug|Any CPU.Build.0 = Debug|Any CPU
		{35C97361-08A6-4F12-A975-E9CCBDAA2893}.Release|Any CPU.ActiveCfg = Release|Any CPU
		{35C97361-08A6-4F12-A975-E9CCBDAA2893}.Release|Any CPU.Build.0 = Release|Any CPU
		{3BF11A14-C2E9-429E-9DA8-199714189A03}.Debug|Any CPU.ActiveCfg = Debug|Any CPU
		{3BF11A14-C2E9-429E-9DA8-199714189A03}.Debug|Any CPU.Build.0 = Debug|Any CPU
		{3BF11A14-C2E9-429E-9DA8-199714189A03}.Release|Any CPU.ActiveCfg = Release|Any CPU
		{3BF11A14-C2E9-429E-9DA8-199714189A03}.Release|Any CPU.Build.0 = Release|Any CPU
	EndGlobalSection
	GlobalSection(SolutionProperties) = preSolution
		HideSolutionNode = FALSE
	EndGlobalSection
	GlobalSection(ExtensibilityGlobals) = postSolution
		SolutionGuid = {6603089B-ED7E-49B1-A46B-1496DABC8999}
	EndGlobalSection
EndGlobal
